
Microsoft Visual Studio Solution File, Format Version 12.00
# Visual Studio Version 17
VisualStudioVersion = 17.9.34622.214
MinimumVisualStudioVersion = 10.0.40219.1
Project("{8BC9CEB8-8B4A-11D0-8D11-00A0C91BC942}") = "Colord-parallel-decomp", "Colord-parallel-decomp.vcxproj", "{6D382827-CB82-46A2-8E58-6B0701965FC6}"
EndProject
Project("{8BC9CEB8-8B4A-11D0-8D11-00A0C91BC942}") = "API", "api\API.vcxproj", "{30B1A462-1167-481C-85C1-1EEB01A46B4C}"
EndProject
Project("{8BC9CEB8-8B4A-11D0-8D11-00A0C91BC942}") = "colord", "colord\colord.vcxproj", "{DC5AEB6F-C197-42B7-98E0-E0E1397A0619}"
EndProject
Global
	GlobalSection(SolutionConfigurationPlatforms) = preSolution
		Debug|x64 = Debug|x64
		Debug|x86 = Debug|x86
		Release|x64 = Release|x64
		Release|x86 = Release|x86
	EndGlobalSection
	GlobalSection(ProjectConfigurationPlatforms) = postSolution
		{6D382827-CB82-46A2-8E58-6B0701965FC6}.Debug|x64.ActiveCfg = Debug|x64
		{6D382827-CB82-46A2-8E58-6B0701965FC6}.Debug|x64.Build.0 = Debug|x64
		{6D382827-CB82-46A2-8E58-6B0701965FC6}.Debug|x86.ActiveCfg = Debug|Win32
		{6D382827-CB82-46A2-8E58-6B0701965FC6}.Debug|x86.Build.0 = Debug|Win32
		{6D382827-CB82-46A2-8E58-6B0701965FC6}.Release|x64.ActiveCfg = Release|x64
		{6D382827-CB82-46A2-8E58-6B0701965FC6}.Release|x64.Build.0 = Release|x64
		{6D382827-CB82-46A2-8E58-6B0701965FC6}.Release|x86.ActiveCfg = Release|Win32
		{6D382827-CB82-46A2-8E58-6B0701965FC6}.Release|x86.Build.0 = Release|Win32
		{30B1A462-1167-481C-85C1-1EEB01A46B4C}.Debug|x64.ActiveCfg = Debug|x64
		{30B1A462-1167-481C-85C1-1EEB01A46B4C}.Debug|x64.Build.0 = Debug|x64
		{30B1A462-1167-481C-85C1-1EEB01A46B4C}.Debug|x86.ActiveCfg = Debug|Win32
		{30B1A462-1167-481C-85C1-1EEB01A46B4C}.Debug|x86.Build.0 = Debug|Win32
		{30B1A462-1167-481C-85C1-1EEB01A46B4C}.Release|x64.ActiveCfg = Release|x64
		{30B1A462-1167-481C-85C1-1EEB01A46B4C}.Release|x64.Build.0 = Release|x64
		{30B1A462-1167-481C-85C1-1EEB01A46B4C}.Release|x86.ActiveCfg = Release|Win32
		{30B1A462-1167-481C-85C1-1EEB01A46B4C}.Release|x86.Build.0 = Release|Win32
		{DC5AEB6F-C197-42B7-98E0-E0E1397A0619}.Debug|x64.ActiveCfg = Debug|x64
		{DC5AEB6F-C197-42B7-98E0-E0E1397A0619}.Debug|x64.Build.0 = Debug|x64
		{DC5AEB6F-C197-42B7-98E0-E0E1397A0619}.Debug|x86.ActiveCfg = Debug|Win32
		{DC5AEB6F-C197-42B7-98E0-E0E1397A0619}.Debug|x86.Build.0 = Debug|Win32
		{DC5AEB6F-C197-42B7-98E0-E0E1397A0619}.Release|x64.ActiveCfg = Release|x64
		{DC5AEB6F-C197-42B7-98E0-E0E1397A0619}.Release|x64.Build.0 = Release|x64
		{DC5AEB6F-C197-42B7-98E0-E0E1397A0619}.Release|x86.ActiveCfg = Release|Win32
		{DC5AEB6F-C197-42B7-98E0-E0E1397A0619}.Release|x86.Build.0 = Release|Win32
	EndGlobalSection
	GlobalSection(SolutionProperties) = preSolution
		HideSolutionNode = FALSE
	EndGlobalSection
	GlobalSection(ExtensibilityGlobals) = postSolution
		SolutionGuid = {1D45C8B3-06B6-46AB-B7B8-C9424EB07985}
	EndGlobalSection
EndGlobal
